{
  "version": 4,
  "terraform_version": "1.8.1",
  "serial": 3,
  "lineage": "56208d2c-b2bb-c648-9b0c-71197aec7a49",
  "outputs": {
    "container_id": {
      "value": "880810ca9b5aa6ad5e396cf9962b8f8281a56ea708f7861c2c3d041a5dae6f68",
      "type": "string"
    },
    "image_id": {
      "value": "sha256:c6091817e7836b3cfdd1eea37bb849f6c2585a479bf587ee2749ce139fa7294elugudu/face-detection-webapp:latest",
      "type": "string"
    }
  },
  "resources": [
    {
      "mode": "managed",
      "type": "docker_container",
      "name": "facesdetection",
      "provider": "provider[\"registry.terraform.io/kreuzwerker/docker\"]",
      "instances": [
        {
          "schema_version": 2,
          "attributes": {
            "attach": false,
            "bridge": "",
            "capabilities": [],
            "cgroupns_mode": null,
            "command": [
              "python",
              "app.py"
            ],
            "container_logs": null,
            "container_read_refresh_timeout_milliseconds": 15000,
            "cpu_set": "",
            "cpu_shares": 0,
            "destroy_grace_seconds": null,
            "devices": [],
            "dns": null,
            "dns_opts": null,
            "dns_search": null,
            "domainname": "",
            "entrypoint": [],
            "env": [],
            "exit_code": null,
            "gpus": null,
            "group_add": null,
            "healthcheck": null,
            "host": [],
            "hostname": "880810ca9b5a",
            "id": "880810ca9b5aa6ad5e396cf9962b8f8281a56ea708f7861c2c3d041a5dae6f68",
            "image": "sha256:c6091817e7836b3cfdd1eea37bb849f6c2585a479bf587ee2749ce139fa7294e",
            "init": false,
            "ipc_mode": "private",
            "labels": [],
            "log_driver": "json-file",
            "log_opts": null,
            "logs": false,
            "max_retry_count": 0,
            "memory": 0,
            "memory_swap": 0,
            "mounts": [],
            "must_run": true,
            "name": "ExampleFacesdetectionContainer",
            "network_data": [
              {
                "gateway": "172.17.0.1",
                "global_ipv6_address": "",
                "global_ipv6_prefix_length": 0,
                "ip_address": "172.17.0.2",
                "ip_prefix_length": 16,
                "ipv6_gateway": "",
                "mac_address": "02:42:ac:11:00:02",
                "network_name": "bridge"
              }
            ],
            "network_mode": "default",
            "networks_advanced": [],
            "pid_mode": "",
            "ports": [
              {
                "external": 8080,
                "internal": 8080,
                "ip": "0.0.0.0",
                "protocol": "tcp"
              }
            ],
            "privileged": false,
            "publish_all_ports": false,
            "read_only": false,
            "remove_volumes": true,
            "restart": "no",
            "rm": false,
            "runtime": "runc",
            "security_opts": [],
            "shm_size": 64,
            "start": true,
            "stdin_open": false,
            "stop_signal": "",
            "stop_timeout": 0,
            "storage_opts": null,
            "sysctls": null,
            "tmpfs": null,
            "tty": false,
            "ulimit": [],
            "upload": [],
            "user": "",
            "userns_mode": "",
            "volumes": [],
            "wait": false,
            "wait_timeout": 60,
            "working_dir": "/app"
          },
          "sensitive_attributes": [],
          "private": "eyJzY2hlbWFfdmVyc2lvbiI6IjIifQ==",
          "dependencies": [
            "docker_image.facesdetection"
          ]
        }
      ]
    },
    {
      "mode": "managed",
      "type": "docker_image",
      "name": "facesdetection",
      "provider": "provider[\"registry.terraform.io/kreuzwerker/docker\"]",
      "instances": [
        {
          "schema_version": 0,
          "attributes": {
            "build": [],
            "force_remove": null,
            "id": "sha256:c6091817e7836b3cfdd1eea37bb849f6c2585a479bf587ee2749ce139fa7294elugudu/face-detection-webapp:latest",
            "image_id": "sha256:c6091817e7836b3cfdd1eea37bb849f6c2585a479bf587ee2749ce139fa7294e",
            "keep_locally": false,
            "name": "lugudu/face-detection-webapp:latest",
            "platform": null,
            "pull_triggers": null,
            "repo_digest": "lugudu/face-detection-webapp@sha256:36961d3745a3a2dcb7c9fea9743ddc0f96119475f2faac6033698c188725f868",
            "triggers": null
          },
          "sensitive_attributes": [],
          "private": "bnVsbA=="
        }
      ]
    }
  ],
  "check_results": null
}
